
Microsoft Visual Studio Solution File, Format Version 12.00
# Visual Studio Version 17
VisualStudioVersion = 17.7.34031.279
MinimumVisualStudioVersion = 10.0.40219.1
Project("{FAE04EC0-301F-11D3-BF4B-00C04F79EFBC}") = "OPR3.1", "OPR3.1\OPR3.1.csproj", "{C1B81ED0-C6D2-4F90-B441-B2A70097F3BD}"
EndProject
Global
	GlobalSection(SolutionConfigurationPlatforms) = preSolution
		Debug|Any CPU = Debug|Any CPU
		Release|Any CPU = Release|Any CPU
	EndGlobalSection
	GlobalSection(ProjectConfigurationPlatforms) = postSolution
		{C1B81ED0-C6D2-4F90-B441-B2A70097F3BD}.Debug|Any CPU.ActiveCfg = Debug|Any CPU
		{C1B81ED0-C6D2-4F90-B441-B2A70097F3BD}.Debug|Any CPU.Build.0 = Debug|Any CPU
		{C1B81ED0-C6D2-4F90-B441-B2A70097F3BD}.Release|Any CPU.ActiveCfg = Release|Any CPU
		{C1B81ED0-C6D2-4F90-B441-B2A70097F3BD}.Release|Any CPU.Build.0 = Release|Any CPU
	EndGlobalSection
	GlobalSection(SolutionProperties) = preSolution
		HideSolutionNode = FALSE
	EndGlobalSection
	GlobalSection(ExtensibilityGlobals) = postSolution
		SolutionGuid = {E57F1273-C3E3-408B-A705-4F5E1A602132}
	EndGlobalSection
EndGlobal
